
Microsoft Visual Studio Solution File, Format Version 12.00
# Visual Studio Version 16
VisualStudioVersion = 16.0.29613.14
MinimumVisualStudioVersion = 10.0.40219.1
Project("{9A19103F-16F7-4668-BE54-9A1E7A4F7556}") = "filejob-service", "filejob-service\filejob-service.csproj", "{A2C36838-0675-4D27-9223-8272CF41255A}"
EndProject
Project("{9A19103F-16F7-4668-BE54-9A1E7A4F7556}") = "frontend-service", "frontend-service\frontend-service.csproj", "{BFC6ADD6-14CA-436C-89CA-0D77BD5A56AF}"
EndProject
Project("{9A19103F-16F7-4668-BE54-9A1E7A4F7556}") = "filestorage-service", "filestorage-service\filestorage-service.csproj", "{3D4FE5BB-81A8-458D-BE06-A789BE73784A}"
EndProject
Global
	GlobalSection(SolutionConfigurationPlatforms) = preSolution
		Debug|Any CPU = Debug|Any CPU
		Release|Any CPU = Release|Any CPU
	EndGlobalSection
	GlobalSection(ProjectConfigurationPlatforms) = postSolution
		{A2C36838-0675-4D27-9223-8272CF41255A}.Debug|Any CPU.ActiveCfg = Debug|Any CPU
		{A2C36838-0675-4D27-9223-8272CF41255A}.Debug|Any CPU.Build.0 = Debug|Any CPU
		{A2C36838-0675-4D27-9223-8272CF41255A}.Release|Any CPU.ActiveCfg = Release|Any CPU
		{A2C36838-0675-4D27-9223-8272CF41255A}.Release|Any CPU.Build.0 = Release|Any CPU
		{BFC6ADD6-14CA-436C-89CA-0D77BD5A56AF}.Debug|Any CPU.ActiveCfg = Debug|Any CPU
		{BFC6ADD6-14CA-436C-89CA-0D77BD5A56AF}.Debug|Any CPU.Build.0 = Debug|Any CPU
		{BFC6ADD6-14CA-436C-89CA-0D77BD5A56AF}.Release|Any CPU.ActiveCfg = Release|Any CPU
		{BFC6ADD6-14CA-436C-89CA-0D77BD5A56AF}.Release|Any CPU.Build.0 = Release|Any CPU
		{3D4FE5BB-81A8-458D-BE06-A789BE73784A}.Debug|Any CPU.ActiveCfg = Debug|Any CPU
		{3D4FE5BB-81A8-458D-BE06-A789BE73784A}.Debug|Any CPU.Build.0 = Debug|Any CPU
		{3D4FE5BB-81A8-458D-BE06-A789BE73784A}.Release|Any CPU.ActiveCfg = Release|Any CPU
		{3D4FE5BB-81A8-458D-BE06-A789BE73784A}.Release|Any CPU.Build.0 = Release|Any CPU
	EndGlobalSection
	GlobalSection(SolutionProperties) = preSolution
		HideSolutionNode = FALSE
	EndGlobalSection
	GlobalSection(ExtensibilityGlobals) = postSolution
		SolutionGuid = {33BD7F25-3284-48F2-B2F3-9A889D8CE958}
	EndGlobalSection
EndGlobal
